
Microsoft Visual Studio Solution File, Format Version 12.00
# Visual Studio Version 16
VisualStudioVersion = 16.0.30413.136
MinimumVisualStudioVersion = 10.0.40219.1
Project("{2150E333-8FDC-42A3-9474-1A3956D46DE8}") = "Core", "Core", "{C83E2B84-F9AC-4D16-B74F-DB3FA935D61F}"
EndProject
Project("{2150E333-8FDC-42A3-9474-1A3956D46DE8}") = "Infrastructure", "Infrastructure", "{A03F1EDA-FB54-4166-A120-BEB1677AD25D}"
EndProject
Project("{2150E333-8FDC-42A3-9474-1A3956D46DE8}") = "UI", "UI", "{16ED02CC-8A75-4016-AB64-24C200BA4CA6}"
EndProject
Project("{9A19103F-16F7-4668-BE54-9A1E7A4F7556}") = "Walkabouts.API", "Walkabouts.API\Walkabouts.API.csproj", "{EBDB63A1-51AD-4864-AE54-15C2294ADBF6}"
EndProject
Project("{9A19103F-16F7-4668-BE54-9A1E7A4F7556}") = "Walkabouts.Data", "Walkabouts.Data\Walkabouts.Data.csproj", "{D5CE97C4-1BEA-42B6-A23C-529316C709C1}"
EndProject
Project("{9A19103F-16F7-4668-BE54-9A1E7A4F7556}") = "Walkabouts.Services", "Walkabouts.Services\Walkabouts.Services.csproj", "{B00E396C-BF3B-4CDA-84F3-FF47E35AB7F2}"
EndProject
Project("{9A19103F-16F7-4668-BE54-9A1E7A4F7556}") = "Walkabouts.Repository", "Walkabouts.Repository\Walkabouts.Repository.csproj", "{A6B27A75-F14F-4AB2-96DC-BFE5CFF2D157}"
EndProject
Project("{E24C65DC-7377-472B-9ABA-BC803B73C61A}") = "walkabouts-web", "Walkabouts.Web\walkabouts-web\dist\walkabouts-web\", "{C18B1599-0A15-4585-B6B6-BABC7EBDC4C7}"
	ProjectSection(WebsiteProperties) = preProject
		TargetFrameworkMoniker = ".NETFramework,Version%3Dv4.0"
		Debug.AspNetCompiler.VirtualPath = "/localhost_4391"
		Debug.AspNetCompiler.PhysicalPath = "Walkabouts.Web\walkabouts-web\dist\walkabouts-web\"
		Debug.AspNetCompiler.TargetPath = "PrecompiledWeb\localhost_4391\"
		Debug.AspNetCompiler.Updateable = "true"
		Debug.AspNetCompiler.ForceOverwrite = "true"
		Debug.AspNetCompiler.FixedNames = "false"
		Debug.AspNetCompiler.Debug = "True"
		Release.AspNetCompiler.VirtualPath = "/localhost_4391"
		Release.AspNetCompiler.PhysicalPath = "Walkabouts.Web\walkabouts-web\dist\walkabouts-web\"
		Release.AspNetCompiler.TargetPath = "PrecompiledWeb\localhost_4391\"
		Release.AspNetCompiler.Updateable = "true"
		Release.AspNetCompiler.ForceOverwrite = "true"
		Release.AspNetCompiler.FixedNames = "false"
		Release.AspNetCompiler.Debug = "False"
		VWDPort = "4391"
		SlnRelativePath = "Walkabouts.Web\walkabouts-web\dist\walkabouts-web\"
	EndProjectSection
EndProject
Project("{2150E333-8FDC-42A3-9474-1A3956D46DE8}") = "Tests", "Tests", "{97B37C68-EA11-44F9-B41A-DED7D54846DB}"
EndProject
Project("{FAE04EC0-301F-11D3-BF4B-00C04F79EFBC}") = "Walkabouts.API.Tests", "Walkabouts.API.Tests\Walkabouts.API.Tests.csproj", "{24562281-F59A-475C-950A-E11FA61187EA}"
EndProject
Global
	GlobalSection(SolutionConfigurationPlatforms) = preSolution
		Debug|Any CPU = Debug|Any CPU
		Release|Any CPU = Release|Any CPU
	EndGlobalSection
	GlobalSection(ProjectConfigurationPlatforms) = postSolution
		{EBDB63A1-51AD-4864-AE54-15C2294ADBF6}.Debug|Any CPU.ActiveCfg = Debug|Any CPU
		{EBDB63A1-51AD-4864-AE54-15C2294ADBF6}.Debug|Any CPU.Build.0 = Debug|Any CPU
		{EBDB63A1-51AD-4864-AE54-15C2294ADBF6}.Release|Any CPU.ActiveCfg = Release|Any CPU
		{EBDB63A1-51AD-4864-AE54-15C2294ADBF6}.Release|Any CPU.Build.0 = Release|Any CPU
		{D5CE97C4-1BEA-42B6-A23C-529316C709C1}.Debug|Any CPU.ActiveCfg = Debug|Any CPU
		{D5CE97C4-1BEA-42B6-A23C-529316C709C1}.Debug|Any CPU.Build.0 = Debug|Any CPU
		{D5CE97C4-1BEA-42B6-A23C-529316C709C1}.Release|Any CPU.ActiveCfg = Release|Any CPU
		{D5CE97C4-1BEA-42B6-A23C-529316C709C1}.Release|Any CPU.Build.0 = Release|Any CPU
		{B00E396C-BF3B-4CDA-84F3-FF47E35AB7F2}.Debug|Any CPU.ActiveCfg = Debug|Any CPU
		{B00E396C-BF3B-4CDA-84F3-FF47E35AB7F2}.Debug|Any CPU.Build.0 = Debug|Any CPU
		{B00E396C-BF3B-4CDA-84F3-FF47E35AB7F2}.Release|Any CPU.ActiveCfg = Release|Any CPU
		{B00E396C-BF3B-4CDA-84F3-FF47E35AB7F2}.Release|Any CPU.Build.0 = Release|Any CPU
		{A6B27A75-F14F-4AB2-96DC-BFE5CFF2D157}.Debug|Any CPU.ActiveCfg = Debug|Any CPU
		{A6B27A75-F14F-4AB2-96DC-BFE5CFF2D157}.Debug|Any CPU.Build.0 = Debug|Any CPU
		{A6B27A75-F14F-4AB2-96DC-BFE5CFF2D157}.Release|Any CPU.ActiveCfg = Release|Any CPU
		{A6B27A75-F14F-4AB2-96DC-BFE5CFF2D157}.Release|Any CPU.Build.0 = Release|Any CPU
		{C18B1599-0A15-4585-B6B6-BABC7EBDC4C7}.Debug|Any CPU.ActiveCfg = Debug|Any CPU
		{C18B1599-0A15-4585-B6B6-BABC7EBDC4C7}.Debug|Any CPU.Build.0 = Debug|Any CPU
		{C18B1599-0A15-4585-B6B6-BABC7EBDC4C7}.Release|Any CPU.ActiveCfg = Debug|Any CPU
		{C18B1599-0A15-4585-B6B6-BABC7EBDC4C7}.Release|Any CPU.Build.0 = Debug|Any CPU
		{24562281-F59A-475C-950A-E11FA61187EA}.Debug|Any CPU.ActiveCfg = Debug|Any CPU
		{24562281-F59A-475C-950A-E11FA61187EA}.Debug|Any CPU.Build.0 = Debug|Any CPU
		{24562281-F59A-475C-950A-E11FA61187EA}.Release|Any CPU.ActiveCfg = Release|Any CPU
		{24562281-F59A-475C-950A-E11FA61187EA}.Release|Any CPU.Build.0 = Release|Any CPU
	EndGlobalSection
	GlobalSection(SolutionProperties) = preSolution
		HideSolutionNode = FALSE
	EndGlobalSection
	GlobalSection(NestedProjects) = preSolution
		{EBDB63A1-51AD-4864-AE54-15C2294ADBF6} = {16ED02CC-8A75-4016-AB64-24C200BA4CA6}
		{D5CE97C4-1BEA-42B6-A23C-529316C709C1} = {C83E2B84-F9AC-4D16-B74F-DB3FA935D61F}
		{B00E396C-BF3B-4CDA-84F3-FF47E35AB7F2} = {C83E2B84-F9AC-4D16-B74F-DB3FA935D61F}
		{A6B27A75-F14F-4AB2-96DC-BFE5CFF2D157} = {A03F1EDA-FB54-4166-A120-BEB1677AD25D}
		{C18B1599-0A15-4585-B6B6-BABC7EBDC4C7} = {16ED02CC-8A75-4016-AB64-24C200BA4CA6}
		{24562281-F59A-475C-950A-E11FA61187EA} = {97B37C68-EA11-44F9-B41A-DED7D54846DB}
	EndGlobalSection
	GlobalSection(ExtensibilityGlobals) = postSolution
		SolutionGuid = {B935451A-CB8B-4B70-966B-1BEF04E4C808}
	EndGlobalSection
EndGlobal
